// !$*UTF8*$!
{
	archiveVersion = 1;
	classes = {
	};
	objectVersion = 54;
	objects = {

/* Begin PBXBuildFile section */
		816AF00B2408624900A4C85E /* AppDelegate.swift in Sources */ = {isa = PBXBuildFile; fileRef = 816AF00A2408624900A4C85E /* AppDelegate.swift */; };
		816AF00D2408624900A4C85E /* ViewController.swift in Sources */ = {isa = PBXBuildFile; fileRef = 816AF00C2408624900A4C85E /* ViewController.swift */; };
		816AF00F2408624A00A4C85E /* Assets.xcassets in Resources */ = {isa = PBXBuildFile; fileRef = 816AF00E2408624A00A4C85E /* Assets.xcassets */; };
		816AF0122408624A00A4C85E /* Main.storyboard in Resources */ = {isa = PBXBuildFile; fileRef = 816AF0102408624A00A4C85E /* Main.storyboard */; };
		816AF020240863AF00A4C85E /* ArgParser.swift in Sources */ = {isa = PBXBuildFile; fileRef = 816AF01F240863AF00A4C85E /* ArgParser.swift */; };
		816E66A1240DA14400481D93 /* InformationViewController.swift in Sources */ = {isa = PBXBuildFile; fileRef = 816E66A0240DA14400481D93 /* InformationViewController.swift */; };
		819D461C27C5303D00B04C97 /* Filevault_ReissueApp.swift in Sources */ = {isa = PBXBuildFile; fileRef = 819D461B27C5303D00B04C97 /* Filevault_ReissueApp.swift */; };
		819D461E27C5308600B04C97 /* ContentView.swift in Sources */ = {isa = PBXBuildFile; fileRef = 819D461D27C5308600B04C97 /* ContentView.swift */; };
		819D463B27C53DC400B04C97 /* InformationView.swift in Sources */ = {isa = PBXBuildFile; fileRef = 819D463A27C53DC400B04C97 /* InformationView.swift */; };
		819D463D27C53F4900B04C97 /* FilevaultController.swift in Sources */ = {isa = PBXBuildFile; fileRef = 819D463C27C53F4900B04C97 /* FilevaultController.swift */; };
		819D463F27C5433900B04C97 /* SuccessView.swift in Sources */ = {isa = PBXBuildFile; fileRef = 819D463E27C5433900B04C97 /* SuccessView.swift */; };
		819D464027C557C300B04C97 /* User.swift in Sources */ = {isa = PBXBuildFile; fileRef = 81A5E1F824096C7600FF6E07 /* User.swift */; };
		81A5E1F724096C4C00FF6E07 /* Log.swift in Sources */ = {isa = PBXBuildFile; fileRef = 81A5E1F624096C4C00FF6E07 /* Log.swift */; };
		81A5E1F924096C7600FF6E07 /* User.swift in Sources */ = {isa = PBXBuildFile; fileRef = 81A5E1F824096C7600FF6E07 /* User.swift */; };
		81A5E1FB24096CB600FF6E07 /* Filevault.swift in Sources */ = {isa = PBXBuildFile; fileRef = 81A5E1FA24096CB600FF6E07 /* Filevault.swift */; };
		81A5E1FD2409B37200FF6E07 /* MainWindow.swift in Sources */ = {isa = PBXBuildFile; fileRef = 81A5E1FC2409B37200FF6E07 /* MainWindow.swift */; };
		81A5E1FF2409B59000FF6E07 /* Preferences.swift in Sources */ = {isa = PBXBuildFile; fileRef = 81A5E1FE2409B59000FF6E07 /* Preferences.swift */; };
		81E5D09C27C52521007B9A9A /* main.swift in Sources */ = {isa = PBXBuildFile; fileRef = 81E5D09B27C52521007B9A9A /* main.swift */; };
		81E5D0A127C52556007B9A9A /* Helper Protocol.swift in Sources */ = {isa = PBXBuildFile; fileRef = 81E5D0A027C52556007B9A9A /* Helper Protocol.swift */; };
		81E5D0A327C52572007B9A9A /* RemoteApplicationProtocol.swift in Sources */ = {isa = PBXBuildFile; fileRef = 81E5D0A227C52572007B9A9A /* RemoteApplicationProtocol.swift */; };
		81E5D0A527C52584007B9A9A /* HelperConstants.swift in Sources */ = {isa = PBXBuildFile; fileRef = 81E5D0A427C52584007B9A9A /* HelperConstants.swift */; };
		81E5D0A727C52598007B9A9A /* Helper.swift in Sources */ = {isa = PBXBuildFile; fileRef = 81E5D0A627C52598007B9A9A /* Helper.swift */; };
		81E5D0AA27C52607007B9A9A /* HelperExecutionService.swift in Sources */ = {isa = PBXBuildFile; fileRef = 81E5D0A927C52607007B9A9A /* HelperExecutionService.swift */; };
		81E5D0AB27C52623007B9A9A /* HelperConstants.swift in Sources */ = {isa = PBXBuildFile; fileRef = 81E5D0A427C52584007B9A9A /* HelperConstants.swift */; };
		81E5D0AC27C5262A007B9A9A /* RemoteApplicationProtocol.swift in Sources */ = {isa = PBXBuildFile; fileRef = 81E5D0A227C52572007B9A9A /* RemoteApplicationProtocol.swift */; };
		81E5D0AD27C52631007B9A9A /* Helper Protocol.swift in Sources */ = {isa = PBXBuildFile; fileRef = 81E5D0A027C52556007B9A9A /* Helper Protocol.swift */; };
		81E5D0B027C526C0007B9A9A /* AppConstants.swift in Sources */ = {isa = PBXBuildFile; fileRef = 81E5D0AF27C526C0007B9A9A /* AppConstants.swift */; };
		81E5D0B127C526C0007B9A9A /* AppConstants.swift in Sources */ = {isa = PBXBuildFile; fileRef = 81E5D0AF27C526C0007B9A9A /* AppConstants.swift */; };
		81E5D0B327C526E0007B9A9A /* ExecutionService.swift in Sources */ = {isa = PBXBuildFile; fileRef = 81E5D0B227C526E0007B9A9A /* ExecutionService.swift */; };
		81E5D0B627C526FA007B9A9A /* HelperRemote.swift in Sources */ = {isa = PBXBuildFile; fileRef = 81E5D0B527C526FA007B9A9A /* HelperRemote.swift */; };
		81E5D0B927C5273A007B9A9A /* FilevaultReissueError.swift in Sources */ = {isa = PBXBuildFile; fileRef = 81E5D0B827C5273A007B9A9A /* FilevaultReissueError.swift */; };
		81E5D0BA27C5273A007B9A9A /* FilevaultReissueError.swift in Sources */ = {isa = PBXBuildFile; fileRef = 81E5D0B827C5273A007B9A9A /* FilevaultReissueError.swift */; };
		81E5D0BC27C52E27007B9A9A /* com.github.cybertunnel.Filevault-Reissue.helper in CopyFiles */ = {isa = PBXBuildFile; fileRef = 81E5D09927C52521007B9A9A /* com.github.cybertunnel.Filevault-Reissue.helper */; settings = {ATTRIBUTES = (CodeSignOnCopy, ); }; };
/* End PBXBuildFile section */

/* Begin PBXCopyFilesBuildPhase section */
		81E5D09727C52521007B9A9A /* CopyFiles */ = {
			isa = PBXCopyFilesBuildPhase;
			buildActionMask = 2147483647;
			dstPath = /usr/share/man/man1/;
			dstSubfolderSpec = 0;
			files = (
			);
			runOnlyForDeploymentPostprocessing = 1;
		};
		81E5D0BB27C52DFF007B9A9A /* CopyFiles */ = {
			isa = PBXCopyFilesBuildPhase;
			buildActionMask = 2147483647;
			dstPath = "Filevault Reissue.app/Contents/Library/LaunchServices";
			dstSubfolderSpec = 16;
			files = (
				81E5D0BC27C52E27007B9A9A /* com.github.cybertunnel.Filevault-Reissue.helper in CopyFiles */,
			);
			runOnlyForDeploymentPostprocessing = 0;
		};
/* End PBXCopyFilesBuildPhase section */

/* Begin PBXFileReference section */
		816AF0072408624900A4C85E /* Filevault Reissue.app */ = {isa = PBXFileReference; explicitFileType = wrapper.application; includeInIndex = 0; path = "Filevault Reissue.app"; sourceTree = BUILT_PRODUCTS_DIR; };
		816AF00A2408624900A4C85E /* AppDelegate.swift */ = {isa = PBXFileReference; lastKnownFileType = sourcecode.swift; path = AppDelegate.swift; sourceTree = "<group>"; };
		816AF00C2408624900A4C85E /* ViewController.swift */ = {isa = PBXFileReference; lastKnownFileType = sourcecode.swift; path = ViewController.swift; sourceTree = "<group>"; };
		816AF00E2408624A00A4C85E /* Assets.xcassets */ = {isa = PBXFileReference; lastKnownFileType = folder.assetcatalog; path = Assets.xcassets; sourceTree = "<group>"; };
		816AF0112408624A00A4C85E /* Base */ = {isa = PBXFileReference; lastKnownFileType = file.storyboard; name = Base; path = Base.lproj/Main.storyboard; sourceTree = "<group>"; };
		816AF01F240863AF00A4C85E /* ArgParser.swift */ = {isa = PBXFileReference; lastKnownFileType = sourcecode.swift; path = ArgParser.swift; sourceTree = "<group>"; };
		816E66A0240DA14400481D93 /* InformationViewController.swift */ = {isa = PBXFileReference; lastKnownFileType = sourcecode.swift; path = InformationViewController.swift; sourceTree = "<group>"; };
		819D461B27C5303D00B04C97 /* Filevault_ReissueApp.swift */ = {isa = PBXFileReference; lastKnownFileType = sourcecode.swift; path = Filevault_ReissueApp.swift; sourceTree = "<group>"; };
		819D461D27C5308600B04C97 /* ContentView.swift */ = {isa = PBXFileReference; lastKnownFileType = sourcecode.swift; path = ContentView.swift; sourceTree = "<group>"; };
		819D463A27C53DC400B04C97 /* InformationView.swift */ = {isa = PBXFileReference; lastKnownFileType = sourcecode.swift; path = InformationView.swift; sourceTree = "<group>"; };
		819D463C27C53F4900B04C97 /* FilevaultController.swift */ = {isa = PBXFileReference; lastKnownFileType = sourcecode.swift; path = FilevaultController.swift; sourceTree = "<group>"; };
		819D463E27C5433900B04C97 /* SuccessView.swift */ = {isa = PBXFileReference; lastKnownFileType = sourcecode.swift; path = SuccessView.swift; sourceTree = "<group>"; };
		81A5E1F624096C4C00FF6E07 /* Log.swift */ = {isa = PBXFileReference; lastKnownFileType = sourcecode.swift; path = Log.swift; sourceTree = "<group>"; };
		81A5E1F824096C7600FF6E07 /* User.swift */ = {isa = PBXFileReference; lastKnownFileType = sourcecode.swift; path = User.swift; sourceTree = "<group>"; };
		81A5E1FA24096CB600FF6E07 /* Filevault.swift */ = {isa = PBXFileReference; lastKnownFileType = sourcecode.swift; path = Filevault.swift; sourceTree = "<group>"; };
		81A5E1FC2409B37200FF6E07 /* MainWindow.swift */ = {isa = PBXFileReference; lastKnownFileType = sourcecode.swift; path = MainWindow.swift; sourceTree = "<group>"; };
		81A5E1FE2409B59000FF6E07 /* Preferences.swift */ = {isa = PBXFileReference; lastKnownFileType = sourcecode.swift; path = Preferences.swift; sourceTree = "<group>"; };
		81E5D09927C52521007B9A9A /* com.github.cybertunnel.Filevault-Reissue.helper */ = {isa = PBXFileReference; explicitFileType = "compiled.mach-o.executable"; includeInIndex = 0; path = "com.github.cybertunnel.Filevault-Reissue.helper"; sourceTree = BUILT_PRODUCTS_DIR; };
		81E5D09B27C52521007B9A9A /* main.swift */ = {isa = PBXFileReference; lastKnownFileType = sourcecode.swift; path = main.swift; sourceTree = "<group>"; };
		81E5D0A027C52556007B9A9A /* Helper Protocol.swift */ = {isa = PBXFileReference; lastKnownFileType = sourcecode.swift; path = "Helper Protocol.swift"; sourceTree = "<group>"; };
		81E5D0A227C52572007B9A9A /* RemoteApplicationProtocol.swift */ = {isa = PBXFileReference; lastKnownFileType = sourcecode.swift; path = RemoteApplicationProtocol.swift; sourceTree = "<group>"; };
		81E5D0A427C52584007B9A9A /* HelperConstants.swift */ = {isa = PBXFileReference; lastKnownFileType = sourcecode.swift; path = HelperConstants.swift; sourceTree = "<group>"; };
		81E5D0A627C52598007B9A9A /* Helper.swift */ = {isa = PBXFileReference; lastKnownFileType = sourcecode.swift; path = Helper.swift; sourceTree = "<group>"; };
		81E5D0A827C525B3007B9A9A /* Launchd.plist */ = {isa = PBXFileReference; lastKnownFileType = text.plist.xml; path = Launchd.plist; sourceTree = "<group>"; };
		81E5D0A927C52607007B9A9A /* HelperExecutionService.swift */ = {isa = PBXFileReference; lastKnownFileType = sourcecode.swift; path = HelperExecutionService.swift; sourceTree = "<group>"; };
		81E5D0AE27C5264A007B9A9A /* Info.plist */ = {isa = PBXFileReference; lastKnownFileType = text.plist.xml; path = Info.plist; sourceTree = "<group>"; };
		81E5D0AF27C526C0007B9A9A /* AppConstants.swift */ = {isa = PBXFileReference; lastKnownFileType = sourcecode.swift; path = AppConstants.swift; sourceTree = "<group>"; };
		81E5D0B227C526E0007B9A9A /* ExecutionService.swift */ = {isa = PBXFileReference; lastKnownFileType = sourcecode.swift; path = ExecutionService.swift; sourceTree = "<group>"; };
		81E5D0B527C526FA007B9A9A /* HelperRemote.swift */ = {isa = PBXFileReference; lastKnownFileType = sourcecode.swift; path = HelperRemote.swift; sourceTree = "<group>"; };
		81E5D0B827C5273A007B9A9A /* FilevaultReissueError.swift */ = {isa = PBXFileReference; lastKnownFileType = sourcecode.swift; path = FilevaultReissueError.swift; sourceTree = "<group>"; };
/* End PBXFileReference section */

/* Begin PBXFrameworksBuildPhase section */
		816AF0042408624900A4C85E /* Frameworks */ = {
			isa = PBXFrameworksBuildPhase;
			buildActionMask = 2147483647;
			files = (
			);
			runOnlyForDeploymentPostprocessing = 0;
		};
		81E5D09627C52521007B9A9A /* Frameworks */ = {
			isa = PBXFrameworksBuildPhase;
			buildActionMask = 2147483647;
			files = (
			);
			runOnlyForDeploymentPostprocessing = 0;
		};
/* End PBXFrameworksBuildPhase section */

/* Begin PBXGroup section */
		816AEFFE2408624900A4C85E = {
			isa = PBXGroup;
			children = (
				816AF0092408624900A4C85E /* Filevault Reissue */,
				81E5D09A27C52521007B9A9A /* helper */,
				816AF0082408624900A4C85E /* Products */,
			);
			sourceTree = "<group>";
		};
		816AF0082408624900A4C85E /* Products */ = {
			isa = PBXGroup;
			children = (
				816AF0072408624900A4C85E /* Filevault Reissue.app */,
				81E5D09927C52521007B9A9A /* com.github.cybertunnel.Filevault-Reissue.helper */,
			);
			name = Products;
			sourceTree = "<group>";
		};
		816AF0092408624900A4C85E /* Filevault Reissue */ = {
			isa = PBXGroup;
			children = (
				816AF00A2408624900A4C85E /* AppDelegate.swift */,
				819D461B27C5303D00B04C97 /* Filevault_ReissueApp.swift */,
				816AF01E2408629D00A4C85E /* Views */,
				816AF01D2408629200A4C85E /* Controllers */,
				816AF01C2408628D00A4C85E /* Resources */,
				816AF01A2408627900A4C85E /* Models */,
				81E5D0AF27C526C0007B9A9A /* AppConstants.swift */,
				81E5D0B227C526E0007B9A9A /* ExecutionService.swift */,
				81E5D0B527C526FA007B9A9A /* HelperRemote.swift */,
				81E5D0B827C5273A007B9A9A /* FilevaultReissueError.swift */,
			);
			path = "Filevault Reissue";
			sourceTree = "<group>";
		};
		816AF01A2408627900A4C85E /* Models */ = {
			isa = PBXGroup;
			children = (
				816AF01F240863AF00A4C85E /* ArgParser.swift */,
				81A5E1F624096C4C00FF6E07 /* Log.swift */,
				81A5E1F824096C7600FF6E07 /* User.swift */,
				81A5E1FA24096CB600FF6E07 /* Filevault.swift */,
				81A5E1FE2409B59000FF6E07 /* Preferences.swift */,
			);
			path = Models;
			sourceTree = "<group>";
		};
		816AF01C2408628D00A4C85E /* Resources */ = {
			isa = PBXGroup;
			children = (
				816AF0102408624A00A4C85E /* Main.storyboard */,
				816AF00E2408624A00A4C85E /* Assets.xcassets */,
			);
			path = Resources;
			sourceTree = "<group>";
		};
		816AF01D2408629200A4C85E /* Controllers */ = {
			isa = PBXGroup;
			children = (
				816AF00C2408624900A4C85E /* ViewController.swift */,
				816E66A0240DA14400481D93 /* InformationViewController.swift */,
				819D463C27C53F4900B04C97 /* FilevaultController.swift */,
			);
			path = Controllers;
			sourceTree = "<group>";
		};
		816AF01E2408629D00A4C85E /* Views */ = {
			isa = PBXGroup;
			children = (
				81A5E1FC2409B37200FF6E07 /* MainWindow.swift */,
				819D461D27C5308600B04C97 /* ContentView.swift */,
				819D463A27C53DC400B04C97 /* InformationView.swift */,
				819D463E27C5433900B04C97 /* SuccessView.swift */,
			);
			path = Views;
			sourceTree = "<group>";
		};
		81E5D09A27C52521007B9A9A /* helper */ = {
			isa = PBXGroup;
			children = (
				81E5D09B27C52521007B9A9A /* main.swift */,
				81E5D0AE27C5264A007B9A9A /* Info.plist */,
				81E5D0A027C52556007B9A9A /* Helper Protocol.swift */,
				81E5D0A227C52572007B9A9A /* RemoteApplicationProtocol.swift */,
				81E5D0A427C52584007B9A9A /* HelperConstants.swift */,
				81E5D0A627C52598007B9A9A /* Helper.swift */,
				81E5D0A827C525B3007B9A9A /* Launchd.plist */,
				81E5D0A927C52607007B9A9A /* HelperExecutionService.swift */,
			);
			path = helper;
			sourceTree = "<group>";
		};
/* End PBXGroup section */

/* Begin PBXNativeTarget section */
		816AF0062408624900A4C85E /* Filevault Reissue */ = {
			isa = PBXNativeTarget;
			buildConfigurationList = 816AF0172408624A00A4C85E /* Build configuration list for PBXNativeTarget "Filevault Reissue" */;
			buildPhases = (
				816AF0032408624900A4C85E /* Sources */,
				816AF0042408624900A4C85E /* Frameworks */,
				816AF0052408624900A4C85E /* Resources */,
				81E5D0BB27C52DFF007B9A9A /* CopyFiles */,
			);
			buildRules = (
			);
			dependencies = (
			);
			name = "Filevault Reissue";
			productName = "Filevault Reissue";
			productReference = 816AF0072408624900A4C85E /* Filevault Reissue.app */;
			productType = "com.apple.product-type.application";
		};
		81E5D09827C52521007B9A9A /* com.github.cybertunnel.Filevault-Reissue.helper */ = {
			isa = PBXNativeTarget;
			buildConfigurationList = 81E5D09D27C52521007B9A9A /* Build configuration list for PBXNativeTarget "com.github.cybertunnel.Filevault-Reissue.helper" */;
			buildPhases = (
				81E5D09527C52521007B9A9A /* Sources */,
				81E5D09627C52521007B9A9A /* Frameworks */,
				81E5D09727C52521007B9A9A /* CopyFiles */,
			);
			buildRules = (
			);
			dependencies = (
			);
			name = "com.github.cybertunnel.Filevault-Reissue.helper";
			productName = helper;
			productReference = 81E5D09927C52521007B9A9A /* com.github.cybertunnel.Filevault-Reissue.helper */;
			productType = "com.apple.product-type.tool";
		};
/* End PBXNativeTarget section */

/* Begin PBXProject section */
		816AEFFF2408624900A4C85E /* Project object */ = {
			isa = PBXProject;
			attributes = {
				LastSwiftUpdateCheck = 1320;
				LastUpgradeCheck = 1320;
				ORGANIZATIONNAME = "Tyler Morgan";
				TargetAttributes = {
					816AF0062408624900A4C85E = {
						CreatedOnToolsVersion = 11.3.1;
					};
					81E5D09827C52521007B9A9A = {
						CreatedOnToolsVersion = 13.2.1;
					};
				};
			};
			buildConfigurationList = 816AF0022408624900A4C85E /* Build configuration list for PBXProject "Filevault Reissue" */;
			compatibilityVersion = "Xcode 12.0";
			developmentRegion = en;
			hasScannedForEncodings = 0;
			knownRegions = (
				en,
				Base,
			);
			mainGroup = 816AEFFE2408624900A4C85E;
			productRefGroup = 816AF0082408624900A4C85E /* Products */;
			projectDirPath = "";
			projectRoot = "";
			targets = (
				816AF0062408624900A4C85E /* Filevault Reissue */,
				81E5D09827C52521007B9A9A /* com.github.cybertunnel.Filevault-Reissue.helper */,
			);
		};
/* End PBXProject section */

/* Begin PBXResourcesBuildPhase section */
		816AF0052408624900A4C85E /* Resources */ = {
			isa = PBXResourcesBuildPhase;
			buildActionMask = 2147483647;
			files = (
				816AF00F2408624A00A4C85E /* Assets.xcassets in Resources */,
				816AF0122408624A00A4C85E /* Main.storyboard in Resources */,
			);
			runOnlyForDeploymentPostprocessing = 0;
		};
/* End PBXResourcesBuildPhase section */

/* Begin PBXSourcesBuildPhase section */
		816AF0032408624900A4C85E /* Sources */ = {
			isa = PBXSourcesBuildPhase;
			buildActionMask = 2147483647;
			files = (
				81A5E1FB24096CB600FF6E07 /* Filevault.swift in Sources */,
				819D463D27C53F4900B04C97 /* FilevaultController.swift in Sources */,
				819D461E27C5308600B04C97 /* ContentView.swift in Sources */,
				816AF00D2408624900A4C85E /* ViewController.swift in Sources */,
				81E5D0B327C526E0007B9A9A /* ExecutionService.swift in Sources */,
				816AF00B2408624900A4C85E /* AppDelegate.swift in Sources */,
				81A5E1F724096C4C00FF6E07 /* Log.swift in Sources */,
				819D463F27C5433900B04C97 /* SuccessView.swift in Sources */,
				81A5E1F924096C7600FF6E07 /* User.swift in Sources */,
				81E5D0AB27C52623007B9A9A /* HelperConstants.swift in Sources */,
				81E5D0AD27C52631007B9A9A /* Helper Protocol.swift in Sources */,
				81E5D0B627C526FA007B9A9A /* HelperRemote.swift in Sources */,
				816AF020240863AF00A4C85E /* ArgParser.swift in Sources */,
				81E5D0AC27C5262A007B9A9A /* RemoteApplicationProtocol.swift in Sources */,
				81A5E1FF2409B59000FF6E07 /* Preferences.swift in Sources */,
				81E5D0B927C5273A007B9A9A /* FilevaultReissueError.swift in Sources */,
				81E5D0B027C526C0007B9A9A /* AppConstants.swift in Sources */,
				819D461C27C5303D00B04C97 /* Filevault_ReissueApp.swift in Sources */,
				819D463B27C53DC400B04C97 /* InformationView.swift in Sources */,
				81A5E1FD2409B37200FF6E07 /* MainWindow.swift in Sources */,
				816E66A1240DA14400481D93 /* InformationViewController.swift in Sources */,
			);
			runOnlyForDeploymentPostprocessing = 0;
		};
		81E5D09527C52521007B9A9A /* Sources */ = {
			isa = PBXSourcesBuildPhase;
			buildActionMask = 2147483647;
			files = (
				81E5D0A127C52556007B9A9A /* Helper Protocol.swift in Sources */,
				81E5D0A527C52584007B9A9A /* HelperConstants.swift in Sources */,
				81E5D0AA27C52607007B9A9A /* HelperExecutionService.swift in Sources */,
				81E5D0A727C52598007B9A9A /* Helper.swift in Sources */,
				81E5D0BA27C5273A007B9A9A /* FilevaultReissueError.swift in Sources */,
				819D464027C557C300B04C97 /* User.swift in Sources */,
				81E5D0B127C526C0007B9A9A /* AppConstants.swift in Sources */,
				81E5D09C27C52521007B9A9A /* main.swift in Sources */,
				81E5D0A327C52572007B9A9A /* RemoteApplicationProtocol.swift in Sources */,
			);
			runOnlyForDeploymentPostprocessing = 0;
		};
/* End PBXSourcesBuildPhase section */

/* Begin PBXVariantGroup section */
		816AF0102408624A00A4C85E /* Main.storyboard */ = {
			isa = PBXVariantGroup;
			children = (
				816AF0112408624A00A4C85E /* Base */,
			);
			name = Main.storyboard;
			sourceTree = "<group>";
		};
/* End PBXVariantGroup section */

/* Begin XCBuildConfiguration section */
		816AF0152408624A00A4C85E /* Debug */ = {
			isa = XCBuildConfiguration;
			buildSettings = {
				ALWAYS_SEARCH_USER_PATHS = NO;
				CLANG_ANALYZER_NONNULL = YES;
				CLANG_ANALYZER_NUMBER_OBJECT_CONVERSION = YES_AGGRESSIVE;
				CLANG_CXX_LANGUAGE_STANDARD = "gnu++14";
				CLANG_CXX_LIBRARY = "libc++";
				CLANG_ENABLE_MODULES = YES;
				CLANG_ENABLE_OBJC_ARC = YES;
				CLANG_ENABLE_OBJC_WEAK = YES;
				CLANG_WARN_BLOCK_CAPTURE_AUTORELEASING = YES;
				CLANG_WARN_BOOL_CONVERSION = YES;
				CLANG_WARN_COMMA = YES;
				CLANG_WARN_CONSTANT_CONVERSION = YES;
				CLANG_WARN_DEPRECATED_OBJC_IMPLEMENTATIONS = YES;
				CLANG_WARN_DIRECT_OBJC_ISA_USAGE = YES_ERROR;
				CLANG_WARN_DOCUMENTATION_COMMENTS = YES;
				CLANG_WARN_EMPTY_BODY = YES;
				CLANG_WARN_ENUM_CONVERSION = YES;
				CLANG_WARN_INFINITE_RECURSION = YES;
				CLANG_WARN_INT_CONVERSION = YES;
				CLANG_WARN_NON_LITERAL_NULL_CONVERSION = YES;
				CLANG_WARN_OBJC_IMPLICIT_RETAIN_SELF = YES;
				CLANG_WARN_OBJC_LITERAL_CONVERSION = YES;
				CLANG_WARN_OBJC_ROOT_CLASS = YES_ERROR;
				CLANG_WARN_QUOTED_INCLUDE_IN_FRAMEWORK_HEADER = YES;
				CLANG_WARN_RANGE_LOOP_ANALYSIS = YES;
				CLANG_WARN_STRICT_PROTOTYPES = YES;
				CLANG_WARN_SUSPICIOUS_MOVE = YES;
				CLANG_WARN_UNGUARDED_AVAILABILITY = YES_AGGRESSIVE;
				CLANG_WARN_UNREACHABLE_CODE = YES;
				CLANG_WARN__DUPLICATE_METHOD_MATCH = YES;
				COPY_PHASE_STRIP = NO;
				DEBUG_INFORMATION_FORMAT = dwarf;
				ENABLE_STRICT_OBJC_MSGSEND = YES;
				ENABLE_TESTABILITY = YES;
				GCC_C_LANGUAGE_STANDARD = gnu11;
				GCC_DYNAMIC_NO_PIC = NO;
				GCC_NO_COMMON_BLOCKS = YES;
				GCC_OPTIMIZATION_LEVEL = 0;
				GCC_PREPROCESSOR_DEFINITIONS = (
					"DEBUG=1",
					"$(inherited)",
				);
				GCC_WARN_64_TO_32_BIT_CONVERSION = YES;
				GCC_WARN_ABOUT_RETURN_TYPE = YES_ERROR;
				GCC_WARN_UNDECLARED_SELECTOR = YES;
				GCC_WARN_UNINITIALIZED_AUTOS = YES_AGGRESSIVE;
				GCC_WARN_UNUSED_FUNCTION = YES;
				GCC_WARN_UNUSED_VARIABLE = YES;
				MACOSX_DEPLOYMENT_TARGET = 11.0;
				MTL_ENABLE_DEBUG_INFO = INCLUDE_SOURCE;
				MTL_FAST_MATH = YES;
				ONLY_ACTIVE_ARCH = YES;
				SDKROOT = macosx;
				SWIFT_ACTIVE_COMPILATION_CONDITIONS = DEBUG;
				SWIFT_OPTIMIZATION_LEVEL = "-Onone";
			};
			name = Debug;
		};
		816AF0162408624A00A4C85E /* Release */ = {
			isa = XCBuildConfiguration;
			buildSettings = {
				ALWAYS_SEARCH_USER_PATHS = NO;
				CLANG_ANALYZER_NONNULL = YES;
				CLANG_ANALYZER_NUMBER_OBJECT_CONVERSION = YES_AGGRESSIVE;
				CLANG_CXX_LANGUAGE_STANDARD = "gnu++14";
				CLANG_CXX_LIBRARY = "libc++";
				CLANG_ENABLE_MODULES = YES;
				CLANG_ENABLE_OBJC_ARC = YES;
				CLANG_ENABLE_OBJC_WEAK = YES;
				CLANG_WARN_BLOCK_CAPTURE_AUTORELEASING = YES;
				CLANG_WARN_BOOL_CONVERSION = YES;
				CLANG_WARN_COMMA = YES;
				CLANG_WARN_CONSTANT_CONVERSION = YES;
				CLANG_WARN_DEPRECATED_OBJC_IMPLEMENTATIONS = YES;
				CLANG_WARN_DIRECT_OBJC_ISA_USAGE = YES_ERROR;
				CLANG_WARN_DOCUMENTATION_COMMENTS = YES;
				CLANG_WARN_EMPTY_BODY = YES;
				CLANG_WARN_ENUM_CONVERSION = YES;
				CLANG_WARN_INFINITE_RECURSION = YES;
				CLANG_WARN_INT_CONVERSION = YES;
				CLANG_WARN_NON_LITERAL_NULL_CONVERSION = YES;
				CLANG_WARN_OBJC_IMPLICIT_RETAIN_SELF = YES;
				CLANG_WARN_OBJC_LITERAL_CONVERSION = YES;
				CLANG_WARN_OBJC_ROOT_CLASS = YES_ERROR;
				CLANG_WARN_QUOTED_INCLUDE_IN_FRAMEWORK_HEADER = YES;
				CLANG_WARN_RANGE_LOOP_ANALYSIS = YES;
				CLANG_WARN_STRICT_PROTOTYPES = YES;
				CLANG_WARN_SUSPICIOUS_MOVE = YES;
				CLANG_WARN_UNGUARDED_AVAILABILITY = YES_AGGRESSIVE;
				CLANG_WARN_UNREACHABLE_CODE = YES;
				CLANG_WARN__DUPLICATE_METHOD_MATCH = YES;
				COPY_PHASE_STRIP = NO;
				DEBUG_INFORMATION_FORMAT = "dwarf-with-dsym";
				ENABLE_NS_ASSERTIONS = NO;
				ENABLE_STRICT_OBJC_MSGSEND = YES;
				GCC_C_LANGUAGE_STANDARD = gnu11;
				GCC_NO_COMMON_BLOCKS = YES;
				GCC_WARN_64_TO_32_BIT_CONVERSION = YES;
				GCC_WARN_ABOUT_RETURN_TYPE = YES_ERROR;
				GCC_WARN_UNDECLARED_SELECTOR = YES;
				GCC_WARN_UNINITIALIZED_AUTOS = YES_AGGRESSIVE;
				GCC_WARN_UNUSED_FUNCTION = YES;
				GCC_WARN_UNUSED_VARIABLE = YES;
				MACOSX_DEPLOYMENT_TARGET = 11.0;
				MTL_ENABLE_DEBUG_INFO = NO;
				MTL_FAST_MATH = YES;
				SDKROOT = macosx;
				SWIFT_COMPILATION_MODE = wholemodule;
				SWIFT_OPTIMIZATION_LEVEL = "-O";
			};
			name = Release;
		};
		816AF0182408624A00A4C85E /* Debug */ = {
			isa = XCBuildConfiguration;
			buildSettings = {
				ASSETCATALOG_COMPILER_APPICON_NAME = AppIcon;
				CODE_SIGN_ENTITLEMENTS = "Filevault Reissue/Filevault_Reissue.entitlements";
				CODE_SIGN_IDENTITY = "Apple Development";
				CODE_SIGN_STYLE = Automatic;
				COMBINE_HIDPI_IMAGES = YES;
				CURRENT_PROJECT_VERSION = 1;
				DEVELOPMENT_TEAM = 55JHL22EU7;
				ENABLE_HARDENED_RUNTIME = YES;
				INFOPLIST_FILE = "Filevault Reissue/Info.plist";
				LD_RUNPATH_SEARCH_PATHS = (
					"$(inherited)",
					"@executable_path/../Frameworks",
				);
				MACOSX_DEPLOYMENT_TARGET = 11.0;
				MARKETING_VERSION = 1.4;
				PRODUCT_BUNDLE_IDENTIFIER = "com.github.cybertunnel.Filevault-Reissue";
				PRODUCT_NAME = "$(TARGET_NAME)";
				PROVISIONING_PROFILE_SPECIFIER = "";
				SWIFT_VERSION = 5.0;
			};
			name = Debug;
		};
		816AF0192408624A00A4C85E /* Release */ = {
			isa = XCBuildConfiguration;
			buildSettings = {
				ASSETCATALOG_COMPILER_APPICON_NAME = AppIcon;
				CODE_SIGN_ENTITLEMENTS = "Filevault Reissue/Filevault_Reissue.entitlements";
				CODE_SIGN_IDENTITY = "Apple Development";
				CODE_SIGN_STYLE = Automatic;
				COMBINE_HIDPI_IMAGES = YES;
				CURRENT_PROJECT_VERSION = 1;
				DEVELOPMENT_TEAM = "";
				ENABLE_HARDENED_RUNTIME = YES;
				INFOPLIST_FILE = "Filevault Reissue/Info.plist";
				LD_RUNPATH_SEARCH_PATHS = (
					"$(inherited)",
					"@executable_path/../Frameworks",
				);
				MACOSX_DEPLOYMENT_TARGET = 11.0;
				MARKETING_VERSION = 1.4;
				PRODUCT_BUNDLE_IDENTIFIER = "com.github.cybertunnel.Filevault-Reissue";
				PRODUCT_NAME = "$(TARGET_NAME)";
				PROVISIONING_PROFILE_SPECIFIER = "";
				SWIFT_VERSION = 5.0;
			};
			name = Release;
		};
		81E5D09E27C52521007B9A9A /* Debug */ = {
			isa = XCBuildConfiguration;
			buildSettings = {
				CLANG_CXX_LANGUAGE_STANDARD = "gnu++17";
				CODE_SIGN_IDENTITY = "Apple Development";
				CODE_SIGN_STYLE = Automatic;
				CURRENT_PROJECT_VERSION = 1;
				DEVELOPMENT_TEAM = 55JHL22EU7;
				ENABLE_HARDENED_RUNTIME = YES;
				INFOPLIST_FILE = "$(SRCROOT)/helper/Info.plist";
				MACOSX_DEPLOYMENT_TARGET = 11.0;
				MARKETING_VERSION = 1.0;
				OTHER_LDFLAGS = (
					"-sectcreate",
					__TEXT,
					__info_plist,
					"\"$(SRCROOT)/Helper/Info.plist\"",
					"-sectcreate",
					__TEXT,
					__launchd_plist,
					"\"$(SRCROOT)/Helper/Launchd.plist\"",
				);
				PRODUCT_BUNDLE_IDENTIFIER = "com.github.cybertunnel.Filevault-Reissue.helper";
				PRODUCT_NAME = "$(TARGET_NAME)";
				PROVISIONING_PROFILE_SPECIFIER = "";
				SWIFT_VERSION = 5.0;
			};
			name = Debug;
		};
		81E5D09F27C52521007B9A9A /* Release */ = {
			isa = XCBuildConfiguration;
			buildSettings = {
				CLANG_CXX_LANGUAGE_STANDARD = "gnu++17";
				CODE_SIGN_IDENTITY = "Apple Development";
				CODE_SIGN_STYLE = Automatic;
				CURRENT_PROJECT_VERSION = 1;
				DEVELOPMENT_TEAM = 55JHL22EU7;
				ENABLE_HARDENED_RUNTIME = YES;
				INFOPLIST_FILE = "$(SRCROOT)/helper/Info.plist";
				MACOSX_DEPLOYMENT_TARGET = 11.0;
				MARKETING_VERSION = 1.0;
				OTHER_LDFLAGS = (
					"-sectcreate",
					__TEXT,
					__info_plist,
					"\"$(SRCROOT)/Helper/Info.plist\"",
					"-sectcreate",
					__TEXT,
					__launchd_plist,
					"\"$(SRCROOT)/Helper/Launchd.plist\"",
				);
				PRODUCT_BUNDLE_IDENTIFIER = "com.github.cybertunnel.Filevault-Reissue.helper";
				PRODUCT_NAME = "$(TARGET_NAME)";
				PROVISIONING_PROFILE_SPECIFIER = "";
				SWIFT_VERSION = 5.0;
			};
			name = Release;
		};
/* End XCBuildConfiguration section */

/* Begin XCConfigurationList section */
		816AF0022408624900A4C85E /* Build configuration list for PBXProject "Filevault Reissue" */ = {
			isa = XCConfigurationList;
			buildConfigurations = (
				816AF0152408624A00A4C85E /* Debug */,
				816AF0162408624A00A4C85E /* Release */,
			);
			defaultConfigurationIsVisible = 0;
			defaultConfigurationName = Release;
		};
		816AF0172408624A00A4C85E /* Build configuration list for PBXNativeTarget "Filevault Reissue" */ = {
			isa = XCConfigurationList;
			buildConfigurations = (
				816AF0182408624A00A4C85E /* Debug */,
				816AF0192408624A00A4C85E /* Release */,
			);
			defaultConfigurationIsVisible = 0;
			defaultConfigurationName = Release;
		};
		81E5D09D27C52521007B9A9A /* Build configuration list for PBXNativeTarget "com.github.cybertunnel.Filevault-Reissue.helper" */ = {
			isa = XCConfigurationList;
			buildConfigurations = (
				81E5D09E27C52521007B9A9A /* Debug */,
				81E5D09F27C52521007B9A9A /* Release */,
			);
			defaultConfigurationIsVisible = 0;
			defaultConfigurationName = Release;
		};
/* End XCConfigurationList section */
	};
	rootObject = 816AEFFF2408624900A4C85E /* Project object */;
}
